
Microsoft Visual Studio Solution File, Format Version 12.00
# Visual Studio Version 17
VisualStudioVersion = 17.7.34202.233
MinimumVisualStudioVersion = 10.0.40219.1
Project("{FAE04EC0-301F-11D3-BF4B-00C04F79EFBC}") = "NewsPlatform3", "NewsPlatform3\NewsPlatform3.csproj", "{C2335524-AB1B-4EEA-8689-406FCF8E1A7B}"
EndProject
Global
	GlobalSection(SolutionConfigurationPlatforms) = preSolution
		Debug|Any CPU = Debug|Any CPU
		Release|Any CPU = Release|Any CPU
	EndGlobalSection
	GlobalSection(ProjectConfigurationPlatforms) = postSolution
		{C2335524-AB1B-4EEA-8689-406FCF8E1A7B}.Debug|Any CPU.ActiveCfg = Debug|Any CPU
		{C2335524-AB1B-4EEA-8689-406FCF8E1A7B}.Debug|Any CPU.Build.0 = Debug|Any CPU
		{C2335524-AB1B-4EEA-8689-406FCF8E1A7B}.Release|Any CPU.ActiveCfg = Release|Any CPU
		{C2335524-AB1B-4EEA-8689-406FCF8E1A7B}.Release|Any CPU.Build.0 = Release|Any CPU
	EndGlobalSection
	GlobalSection(SolutionProperties) = preSolution
		HideSolutionNode = FALSE
	EndGlobalSection
	GlobalSection(ExtensibilityGlobals) = postSolution
		SolutionGuid = {2729325E-3DCE-4685-B54F-0619F7DA236A}
	EndGlobalSection
EndGlobal
